PODS:
  - AFNetworking (1.3.4)
  - Charts (3.0.4):
    - Charts/Core (= 3.0.4)
  - Charts/Core (3.0.4)

DEPENDENCIES:
  - AFNetworking (~> 1.3.3)
  - Charts

SPEC CHECKSUMS:
  AFNetworking: cf8e418e16f0c9c7e5c3150d019a3c679d015018
  Charts: 0705898046257443f0afbbc3179f4b67507b6e48

PODFILE CHECKSUM: d7d1e3a199f5ab81272b79baabd6dfcc47e0aa88

COCOAPODS: 1.4.0
