// !$*UTF8*$!
{
	archiveVersion = 1;
	classes = {
	};
	objectVersion = 48;
	objects = {

/* Begin PBXBuildFile section */
		8221DCA5206330F70017C1BA /* DataController.swift in Sources */ = {isa = PBXBuildFile; fileRef = 8221DCA4206330F70017C1BA /* DataController.swift */; };
		8221DCA7206332350017C1BA /* CourseService.swift in Sources */ = {isa = PBXBuildFile; fileRef = 8221DCA6206332350017C1BA /* CourseService.swift */; };
		8221DCAD20633BD40017C1BA /* GradesViewController.swift in Sources */ = {isa = PBXBuildFile; fileRef = 8221DCAC20633BD40017C1BA /* GradesViewController.swift */; };
		82642532205EFB8900A8A130 /* AppDelegate.swift in Sources */ = {isa = PBXBuildFile; fileRef = 82642531205EFB8900A8A130 /* AppDelegate.swift */; };
		82642534205EFB8900A8A130 /* MainViewController.swift in Sources */ = {isa = PBXBuildFile; fileRef = 82642533205EFB8900A8A130 /* MainViewController.swift */; };
		82642537205EFB8900A8A130 /* Main.storyboard in Resources */ = {isa = PBXBuildFile; fileRef = 82642535205EFB8900A8A130 /* Main.storyboard */; };
		8264253A205EFB8900A8A130 /* WatsMyGrade.xcdatamodeld in Sources */ = {isa = PBXBuildFile; fileRef = 82642538205EFB8900A8A130 /* WatsMyGrade.xcdatamodeld */; };
		8264253C205EFB8900A8A130 /* Assets.xcassets in Resources */ = {isa = PBXBuildFile; fileRef = 8264253B205EFB8900A8A130 /* Assets.xcassets */; };
		8264253F205EFB8900A8A130 /* LaunchScreen.storyboard in Resources */ = {isa = PBXBuildFile; fileRef = 8264253D205EFB8900A8A130 /* LaunchScreen.storyboard */; };
		8264254A205EFB8900A8A130 /* WatsMyGradeTests.swift in Sources */ = {isa = PBXBuildFile; fileRef = 82642549205EFB8900A8A130 /* WatsMyGradeTests.swift */; };
		82642555205EFB8900A8A130 /* WatsMyGradeUITests.swift in Sources */ = {isa = PBXBuildFile; fileRef = 82642554205EFB8900A8A130 /* WatsMyGradeUITests.swift */; };
		82642563205EFEFA00A8A130 /* NewCourseViewController.swift in Sources */ = {isa = PBXBuildFile; fileRef = 82642562205EFEFA00A8A130 /* NewCourseViewController.swift */; };
		82642569205F132C00A8A130 /* UIColor.swift in Sources */ = {isa = PBXBuildFile; fileRef = 82642568205F132C00A8A130 /* UIColor.swift */; };
		8264256B205F148F00A8A130 /* CourseCell.swift in Sources */ = {isa = PBXBuildFile; fileRef = 8264256A205F148F00A8A130 /* CourseCell.swift */; };
		82F053082065F5CA00263DB4 /* Course+CoreDataClass.swift in Sources */ = {isa = PBXBuildFile; fileRef = 82F053042065F5CA00263DB4 /* Course+CoreDataClass.swift */; };
		82F053092065F5CA00263DB4 /* Course+CoreDataProperties.swift in Sources */ = {isa = PBXBuildFile; fileRef = 82F053052065F5CA00263DB4 /* Course+CoreDataProperties.swift */; };
		82F0530A2065F5CA00263DB4 /* Grade+CoreDataClass.swift in Sources */ = {isa = PBXBuildFile; fileRef = 82F053062065F5CA00263DB4 /* Grade+CoreDataClass.swift */; };
		82F0530B2065F5CA00263DB4 /* Grade+CoreDataProperties.swift in Sources */ = {isa = PBXBuildFile; fileRef = 82F053072065F5CA00263DB4 /* Grade+CoreDataProperties.swift */; };
		82F0530D2065F66C00263DB4 /* NewGradeViewController.swift in Sources */ = {isa = PBXBuildFile; fileRef = 82F0530C2065F66C00263DB4 /* NewGradeViewController.swift */; };
		82F0530F2065F8BA00263DB4 /* GradeService.swift in Sources */ = {isa = PBXBuildFile; fileRef = 82F0530E2065F8BA00263DB4 /* GradeService.swift */; };
		82F0531120668FD200263DB4 /* GradeCell.swift in Sources */ = {isa = PBXBuildFile; fileRef = 82F0531020668FD200263DB4 /* GradeCell.swift */; };
/* End PBXBuildFile section */

/* Begin PBXContainerItemProxy section */
		82642546205EFB8900A8A130 /* PBXContainerItemProxy */ = {
			isa = PBXContainerItemProxy;
			containerPortal = 82642526205EFB8800A8A130 /* Project object */;
			proxyType = 1;
			remoteGlobalIDString = 8264252D205EFB8800A8A130;
			remoteInfo = WatsMyGrade;
		};
		82642551205EFB8900A8A130 /* PBXContainerItemProxy */ = {
			isa = PBXContainerItemProxy;
			containerPortal = 82642526205EFB8800A8A130 /* Project object */;
			proxyType = 1;
			remoteGlobalIDString = 8264252D205EFB8800A8A130;
			remoteInfo = WatsMyGrade;
		};
/* End PBXContainerItemProxy section */

/* Begin PBXFileReference section */
		8221DCA4206330F70017C1BA /* DataController.swift */ = {isa = PBXFileReference; lastKnownFileType = sourcecode.swift; path = DataController.swift; sourceTree = "<group>"; };
		8221DCA6206332350017C1BA /* CourseService.swift */ = {isa = PBXFileReference; lastKnownFileType = sourcecode.swift; path = CourseService.swift; sourceTree = "<group>"; };
		8221DCAC20633BD40017C1BA /* GradesViewController.swift */ = {isa = PBXFileReference; lastKnownFileType = sourcecode.swift; path = GradesViewController.swift; sourceTree = "<group>"; };
		8264252E205EFB8800A8A130 /* WatsMyGrade.app */ = {isa = PBXFileReference; explicitFileType = wrapper.application; includeInIndex = 0; path = WatsMyGrade.app; sourceTree = BUILT_PRODUCTS_DIR; };
		82642531205EFB8900A8A130 /* AppDelegate.swift */ = {isa = PBXFileReference; lastKnownFileType = sourcecode.swift; path = AppDelegate.swift; sourceTree = "<group>"; };
		82642533205EFB8900A8A130 /* MainViewController.swift */ = {isa = PBXFileReference; lastKnownFileType = sourcecode.swift; path = MainViewController.swift; sourceTree = "<group>"; };
		82642536205EFB8900A8A130 /* Base */ = {isa = PBXFileReference; lastKnownFileType = file.storyboard; name = Base; path = Base.lproj/Main.storyboard; sourceTree = "<group>"; };
		82642539205EFB8900A8A130 /* WatsMyGrade.xcdatamodel */ = {isa = PBXFileReference; lastKnownFileType = wrapper.xcdatamodel; path = WatsMyGrade.xcdatamodel; sourceTree = "<group>"; };
		8264253B205EFB8900A8A130 /* Assets.xcassets */ = {isa = PBXFileReference; lastKnownFileType = folder.assetcatalog; path = Assets.xcassets; sourceTree = "<group>"; };
		8264253E205EFB8900A8A130 /* Base */ = {isa = PBXFileReference; lastKnownFileType = file.storyboard; name = Base; path = Base.lproj/LaunchScreen.storyboard; sourceTree = "<group>"; };
		82642540205EFB8900A8A130 /* Info.plist */ = {isa = PBXFileReference; lastKnownFileType = text.plist.xml; path = Info.plist; sourceTree = "<group>"; };
		82642545205EFB8900A8A130 /* WatsMyGradeTests.xctest */ = {isa = PBXFileReference; explicitFileType = wrapper.cfbundle; includeInIndex = 0; path = WatsMyGradeTests.xctest; sourceTree = BUILT_PRODUCTS_DIR; };
		82642549205EFB8900A8A130 /* WatsMyGradeTests.swift */ = {isa = PBXFileReference; lastKnownFileType = sourcecode.swift; path = WatsMyGradeTests.swift; sourceTree = "<group>"; };
		8264254B205EFB8900A8A130 /* Info.plist */ = {isa = PBXFileReference; lastKnownFileType = text.plist.xml; path = Info.plist; sourceTree = "<group>"; };
		82642550205EFB8900A8A130 /* WatsMyGradeUITests.xctest */ = {isa = PBXFileReference; explicitFileType = wrapper.cfbundle; includeInIndex = 0; path = WatsMyGradeUITests.xctest; sourceTree = BUILT_PRODUCTS_DIR; };
		82642554205EFB8900A8A130 /* WatsMyGradeUITests.swift */ = {isa = PBXFileReference; lastKnownFileType = sourcecode.swift; path = WatsMyGradeUITests.swift; sourceTree = "<group>"; };
		82642556205EFB8900A8A130 /* Info.plist */ = {isa = PBXFileReference; lastKnownFileType = text.plist.xml; path = Info.plist; sourceTree = "<group>"; };
		82642562205EFEFA00A8A130 /* NewCourseViewController.swift */ = {isa = PBXFileReference; lastKnownFileType = sourcecode.swift; path = NewCourseViewController.swift; sourceTree = "<group>"; };
		82642568205F132C00A8A130 /* UIColor.swift */ = {isa = PBXFileReference; lastKnownFileType = sourcecode.swift; path = UIColor.swift; sourceTree = "<group>"; };
		8264256A205F148F00A8A130 /* CourseCell.swift */ = {isa = PBXFileReference; lastKnownFileType = sourcecode.swift; path = CourseCell.swift; sourceTree = "<group>"; };
		82F053042065F5CA00263DB4 /* Course+CoreDataClass.swift */ = {isa = PBXFileReference; lastKnownFileType = sourcecode.swift; path = "Course+CoreDataClass.swift"; sourceTree = "<group>"; };
		82F053052065F5CA00263DB4 /* Course+CoreDataProperties.swift */ = {isa = PBXFileReference; lastKnownFileType = sourcecode.swift; path = "Course+CoreDataProperties.swift"; sourceTree = "<group>"; };
		82F053062065F5CA00263DB4 /* Grade+CoreDataClass.swift */ = {isa = PBXFileReference; lastKnownFileType = sourcecode.swift; path = "Grade+CoreDataClass.swift"; sourceTree = "<group>"; };
		82F053072065F5CA00263DB4 /* Grade+CoreDataProperties.swift */ = {isa = PBXFileReference; lastKnownFileType = sourcecode.swift; path = "Grade+CoreDataProperties.swift"; sourceTree = "<group>"; };
		82F0530C2065F66C00263DB4 /* NewGradeViewController.swift */ = {isa = PBXFileReference; lastKnownFileType = sourcecode.swift; path = NewGradeViewController.swift; sourceTree = "<group>"; };
		82F0530E2065F8BA00263DB4 /* GradeService.swift */ = {isa = PBXFileReference; lastKnownFileType = sourcecode.swift; path = GradeService.swift; sourceTree = "<group>"; };
		82F0531020668FD200263DB4 /* GradeCell.swift */ = {isa = PBXFileReference; lastKnownFileType = sourcecode.swift; path = GradeCell.swift; sourceTree = "<group>"; };
/* End PBXFileReference section */

/* Begin PBXFrameworksBuildPhase section */
		8264252B205EFB8800A8A130 /* Frameworks */ = {
			isa = PBXFrameworksBuildPhase;
			buildActionMask = 2147483647;
			files = (
			);
			runOnlyForDeploymentPostprocessing = 0;
		};
		82642542205EFB8900A8A130 /* Frameworks */ = {
			isa = PBXFrameworksBuildPhase;
			buildActionMask = 2147483647;
			files = (
			);
			runOnlyForDeploymentPostprocessing = 0;
		};
		8264254D205EFB8900A8A130 /* Frameworks */ = {
			isa = PBXFrameworksBuildPhase;
			buildActionMask = 2147483647;
			files = (
			);
			runOnlyForDeploymentPostprocessing = 0;
		};
/* End PBXFrameworksBuildPhase section */

/* Begin PBXGroup section */
		8221DCA3206330E30017C1BA /* Data */ = {
			isa = PBXGroup;
			children = (
				8221DCA4206330F70017C1BA /* DataController.swift */,
				8221DCA6206332350017C1BA /* CourseService.swift */,
				82F0530E2065F8BA00263DB4 /* GradeService.swift */,
			);
			path = Data;
			sourceTree = "<group>";
		};
		82642525205EFB8800A8A130 = {
			isa = PBXGroup;
			children = (
				82642530205EFB8900A8A130 /* WatsMyGrade */,
				82642548205EFB8900A8A130 /* WatsMyGradeTests */,
				82642553205EFB8900A8A130 /* WatsMyGradeUITests */,
				8264252F205EFB8800A8A130 /* Products */,
			);
			sourceTree = "<group>";
		};
		8264252F205EFB8800A8A130 /* Products */ = {
			isa = PBXGroup;
			children = (
				8264252E205EFB8800A8A130 /* WatsMyGrade.app */,
				82642545205EFB8900A8A130 /* WatsMyGradeTests.xctest */,
				82642550205EFB8900A8A130 /* WatsMyGradeUITests.xctest */,
			);
			name = Products;
			sourceTree = "<group>";
		};
		82642530205EFB8900A8A130 /* WatsMyGrade */ = {
			isa = PBXGroup;
			children = (
				82642567205F131D00A8A130 /* Util */,
				8221DCA3206330E30017C1BA /* Data */,
				82642566205F130700A8A130 /* Model */,
				82642565205F130300A8A130 /* View */,
				82642564205F12F800A8A130 /* Controller */,
				82642531205EFB8900A8A130 /* AppDelegate.swift */,
				82642535205EFB8900A8A130 /* Main.storyboard */,
				8264253B205EFB8900A8A130 /* Assets.xcassets */,
				8264253D205EFB8900A8A130 /* LaunchScreen.storyboard */,
				82642540205EFB8900A8A130 /* Info.plist */,
				82642538205EFB8900A8A130 /* WatsMyGrade.xcdatamodeld */,
			);
			path = WatsMyGrade;
			sourceTree = "<group>";
		};
		82642548205EFB8900A8A130 /* WatsMyGradeTests */ = {
			isa = PBXGroup;
			children = (
				82642549205EFB8900A8A130 /* WatsMyGradeTests.swift */,
				8264254B205EFB8900A8A130 /* Info.plist */,
			);
			path = WatsMyGradeTests;
			sourceTree = "<group>";
		};
		82642553205EFB8900A8A130 /* WatsMyGradeUITests */ = {
			isa = PBXGroup;
			children = (
				82642554205EFB8900A8A130 /* WatsMyGradeUITests.swift */,
				82642556205EFB8900A8A130 /* Info.plist */,
			);
			path = WatsMyGradeUITests;
			sourceTree = "<group>";
		};
		82642564205F12F800A8A130 /* Controller */ = {
			isa = PBXGroup;
			children = (
				82642533205EFB8900A8A130 /* MainViewController.swift */,
				82642562205EFEFA00A8A130 /* NewCourseViewController.swift */,
				8221DCAC20633BD40017C1BA /* GradesViewController.swift */,
				82F0530C2065F66C00263DB4 /* NewGradeViewController.swift */,
			);
			path = Controller;
			sourceTree = "<group>";
		};
		82642565205F130300A8A130 /* View */ = {
			isa = PBXGroup;
			children = (
				8264256A205F148F00A8A130 /* CourseCell.swift */,
				82F0531020668FD200263DB4 /* GradeCell.swift */,
			);
			path = View;
			sourceTree = "<group>";
		};
		82642566205F130700A8A130 /* Model */ = {
			isa = PBXGroup;
			children = (
				82F053042065F5CA00263DB4 /* Course+CoreDataClass.swift */,
				82F053052065F5CA00263DB4 /* Course+CoreDataProperties.swift */,
				82F053062065F5CA00263DB4 /* Grade+CoreDataClass.swift */,
				82F053072065F5CA00263DB4 /* Grade+CoreDataProperties.swift */,
			);
			path = Model;
			sourceTree = "<group>";
		};
		82642567205F131D00A8A130 /* Util */ = {
			isa = PBXGroup;
			children = (
				82642568205F132C00A8A130 /* UIColor.swift */,
			);
			path = Util;
			sourceTree = "<group>";
		};
/* End PBXGroup section */

/* Begin PBXNativeTarget section */
		8264252D205EFB8800A8A130 /* WatsMyGrade */ = {
			isa = PBXNativeTarget;
			buildConfigurationList = 82642559205EFB8900A8A130 /* Build configuration list for PBXNativeTarget "WatsMyGrade" */;
			buildPhases = (
				8264252A205EFB8800A8A130 /* Sources */,
				8264252B205EFB8800A8A130 /* Frameworks */,
				8264252C205EFB8800A8A130 /* Resources */,
			);
			buildRules = (
			);
			dependencies = (
			);
			name = WatsMyGrade;
			productName = WatsMyGrade;
			productReference = 8264252E205EFB8800A8A130 /* WatsMyGrade.app */;
			productType = "com.apple.product-type.application";
		};
		82642544205EFB8900A8A130 /* WatsMyGradeTests */ = {
			isa = PBXNativeTarget;
			buildConfigurationList = 8264255C205EFB8900A8A130 /* Build configuration list for PBXNativeTarget "WatsMyGradeTests" */;
			buildPhases = (
				82642541205EFB8900A8A130 /* Sources */,
				82642542205EFB8900A8A130 /* Frameworks */,
				82642543205EFB8900A8A130 /* Resources */,
			);
			buildRules = (
			);
			dependencies = (
				82642547205EFB8900A8A130 /* PBXTargetDependency */,
			);
			name = WatsMyGradeTests;
			productName = WatsMyGradeTests;
			productReference = 82642545205EFB8900A8A130 /* WatsMyGradeTests.xctest */;
			productType = "com.apple.product-type.bundle.unit-test";
		};
		8264254F205EFB8900A8A130 /* WatsMyGradeUITests */ = {
			isa = PBXNativeTarget;
			buildConfigurationList = 8264255F205EFB8900A8A130 /* Build configuration list for PBXNativeTarget "WatsMyGradeUITests" */;
			buildPhases = (
				8264254C205EFB8900A8A130 /* Sources */,
				8264254D205EFB8900A8A130 /* Frameworks */,
				8264254E205EFB8900A8A130 /* Resources */,
			);
			buildRules = (
			);
			dependencies = (
				82642552205EFB8900A8A130 /* PBXTargetDependency */,
			);
			name = WatsMyGradeUITests;
			productName = WatsMyGradeUITests;
			productReference = 82642550205EFB8900A8A130 /* WatsMyGradeUITests.xctest */;
			productType = "com.apple.product-type.bundle.ui-testing";
		};
/* End PBXNativeTarget section */

/* Begin PBXProject section */
		82642526205EFB8800A8A130 /* Project object */ = {
			isa = PBXProject;
			attributes = {
				LastSwiftUpdateCheck = 0920;
				LastUpgradeCheck = 0920;
				ORGANIZATIONNAME = "Manthan Shah";
				TargetAttributes = {
					8264252D205EFB8800A8A130 = {
						CreatedOnToolsVersion = 9.2;
						ProvisioningStyle = Automatic;
					};
					82642544205EFB8900A8A130 = {
						CreatedOnToolsVersion = 9.2;
						ProvisioningStyle = Automatic;
						TestTargetID = 8264252D205EFB8800A8A130;
					};
					8264254F205EFB8900A8A130 = {
						CreatedOnToolsVersion = 9.2;
						ProvisioningStyle = Automatic;
						TestTargetID = 8264252D205EFB8800A8A130;
					};
				};
			};
			buildConfigurationList = 82642529205EFB8800A8A130 /* Build configuration list for PBXProject "WatsMyGrade" */;
			compatibilityVersion = "Xcode 8.0";
			developmentRegion = en;
			hasScannedForEncodings = 0;
			knownRegions = (
				en,
				Base,
			);
			mainGroup = 82642525205EFB8800A8A130;
			productRefGroup = 8264252F205EFB8800A8A130 /* Products */;
			projectDirPath = "";
			projectRoot = "";
			targets = (
				8264252D205EFB8800A8A130 /* WatsMyGrade */,
				82642544205EFB8900A8A130 /* WatsMyGradeTests */,
				8264254F205EFB8900A8A130 /* WatsMyGradeUITests */,
			);
		};
/* End PBXProject section */

/* Begin PBXResourcesBuildPhase section */
		8264252C205EFB8800A8A130 /* Resources */ = {
			isa = PBXResourcesBuildPhase;
			buildActionMask = 2147483647;
			files = (
				8264253F205EFB8900A8A130 /* LaunchScreen.storyboard in Resources */,
				8264253C205EFB8900A8A130 /* Assets.xcassets in Resources */,
				82642537205EFB8900A8A130 /* Main.storyboard in Resources */,
			);
			runOnlyForDeploymentPostprocessing = 0;
		};
		82642543205EFB8900A8A130 /* Resources */ = {
			isa = PBXResourcesBuildPhase;
			buildActionMask = 2147483647;
			files = (
			);
			runOnlyForDeploymentPostprocessing = 0;
		};
		8264254E205EFB8900A8A130 /* Resources */ = {
			isa = PBXResourcesBuildPhase;
			buildActionMask = 2147483647;
			files = (
			);
			runOnlyForDeploymentPostprocessing = 0;
		};
/* End PBXResourcesBuildPhase section */

/* Begin PBXSourcesBuildPhase section */
		8264252A205EFB8800A8A130 /* Sources */ = {
			isa = PBXSourcesBuildPhase;
			buildActionMask = 2147483647;
			files = (
				8221DCA7206332350017C1BA /* CourseService.swift in Sources */,
				82F0530F2065F8BA00263DB4 /* GradeService.swift in Sources */,
				8221DCA5206330F70017C1BA /* DataController.swift in Sources */,
				8264256B205F148F00A8A130 /* CourseCell.swift in Sources */,
				82F0530D2065F66C00263DB4 /* NewGradeViewController.swift in Sources */,
				82642534205EFB8900A8A130 /* MainViewController.swift in Sources */,
				8264253A205EFB8900A8A130 /* WatsMyGrade.xcdatamodeld in Sources */,
				82F053082065F5CA00263DB4 /* Course+CoreDataClass.swift in Sources */,
				82F0530A2065F5CA00263DB4 /* Grade+CoreDataClass.swift in Sources */,
				82642563205EFEFA00A8A130 /* NewCourseViewController.swift in Sources */,
				82642532205EFB8900A8A130 /* AppDelegate.swift in Sources */,
				82F0530B2065F5CA00263DB4 /* Grade+CoreDataProperties.swift in Sources */,
				82642569205F132C00A8A130 /* UIColor.swift in Sources */,
				82F0531120668FD200263DB4 /* GradeCell.swift in Sources */,
				8221DCAD20633BD40017C1BA /* GradesViewController.swift in Sources */,
				82F053092065F5CA00263DB4 /* Course+CoreDataProperties.swift in Sources */,
			);
			runOnlyForDeploymentPostprocessing = 0;
		};
		82642541205EFB8900A8A130 /* Sources */ = {
			isa = PBXSourcesBuildPhase;
			buildActionMask = 2147483647;
			files = (
				8264254A205EFB8900A8A130 /* WatsMyGradeTests.swift in Sources */,
			);
			runOnlyForDeploymentPostprocessing = 0;
		};
		8264254C205EFB8900A8A130 /* Sources */ = {
			isa = PBXSourcesBuildPhase;
			buildActionMask = 2147483647;
			files = (
				82642555205EFB8900A8A130 /* WatsMyGradeUITests.swift in Sources */,
			);
			runOnlyForDeploymentPostprocessing = 0;
		};
/* End PBXSourcesBuildPhase section */

/* Begin PBXTargetDependency section */
		82642547205EFB8900A8A130 /* PBXTargetDependency */ = {
			isa = PBXTargetDependency;
			target = 8264252D205EFB8800A8A130 /* WatsMyGrade */;
			targetProxy = 82642546205EFB8900A8A130 /* PBXContainerItemProxy */;
		};
		82642552205EFB8900A8A130 /* PBXTargetDependency */ = {
			isa = PBXTargetDependency;
			target = 8264252D205EFB8800A8A130 /* WatsMyGrade */;
			targetProxy = 82642551205EFB8900A8A130 /* PBXContainerItemProxy */;
		};
/* End PBXTargetDependency section */

/* Begin PBXVariantGroup section */
		82642535205EFB8900A8A130 /* Main.storyboard */ = {
			isa = PBXVariantGroup;
			children = (
				82642536205EFB8900A8A130 /* Base */,
			);
			name = Main.storyboard;
			sourceTree = "<group>";
		};
		8264253D205EFB8900A8A130 /* LaunchScreen.storyboard */ = {
			isa = PBXVariantGroup;
			children = (
				8264253E205EFB8900A8A130 /* Base */,
			);
			name = LaunchScreen.storyboard;
			sourceTree = "<group>";
		};
/* End PBXVariantGroup section */

/* Begin XCBuildConfiguration section */
		82642557205EFB8900A8A130 /* Debug */ = {
			isa = XCBuildConfiguration;
			buildSettings = {
				ALWAYS_SEARCH_USER_PATHS = NO;
				CLANG_ANALYZER_NONNULL = YES;
				CLANG_ANALYZER_NUMBER_OBJECT_CONVERSION = YES_AGGRESSIVE;
				CLANG_CXX_LANGUAGE_STANDARD = "gnu++14";
				CLANG_CXX_LIBRARY = "libc++";
				CLANG_ENABLE_MODULES = YES;
				CLANG_ENABLE_OBJC_ARC = YES;
				CLANG_WARN_BLOCK_CAPTURE_AUTORELEASING = YES;
				CLANG_WARN_BOOL_CONVERSION = YES;
				CLANG_WARN_COMMA = YES;
				CLANG_WARN_CONSTANT_CONVERSION = YES;
				CLANG_WARN_DIRECT_OBJC_ISA_USAGE = YES_ERROR;
				CLANG_WARN_DOCUMENTATION_COMMENTS = YES;
				CLANG_WARN_EMPTY_BODY = YES;
				CLANG_WARN_ENUM_CONVERSION = YES;
				CLANG_WARN_INFINITE_RECURSION = YES;
				CLANG_WARN_INT_CONVERSION = YES;
				CLANG_WARN_NON_LITERAL_NULL_CONVERSION = YES;
				CLANG_WARN_OBJC_LITERAL_CONVERSION = YES;
				CLANG_WARN_OBJC_ROOT_CLASS = YES_ERROR;
				CLANG_WARN_RANGE_LOOP_ANALYSIS = YES;
				CLANG_WARN_STRICT_PROTOTYPES = YES;
				CLANG_WARN_SUSPICIOUS_MOVE = YES;
				CLANG_WARN_UNGUARDED_AVAILABILITY = YES_AGGRESSIVE;
				CLANG_WARN_UNREACHABLE_CODE = YES;
				CLANG_WARN__DUPLICATE_METHOD_MATCH = YES;
				CODE_SIGN_IDENTITY = "iPhone Developer";
				COPY_PHASE_STRIP = NO;
				DEBUG_INFORMATION_FORMAT = dwarf;
				ENABLE_STRICT_OBJC_MSGSEND = YES;
				ENABLE_TESTABILITY = YES;
				GCC_C_LANGUAGE_STANDARD = gnu11;
				GCC_DYNAMIC_NO_PIC = NO;
				GCC_NO_COMMON_BLOCKS = YES;
				GCC_OPTIMIZATION_LEVEL = 0;
				GCC_PREPROCESSOR_DEFINITIONS = (
					"DEBUG=1",
					"$(inherited)",
				);
				GCC_WARN_64_TO_32_BIT_CONVERSION = YES;
				GCC_WARN_ABOUT_RETURN_TYPE = YES_ERROR;
				GCC_WARN_UNDECLARED_SELECTOR = YES;
				GCC_WARN_UNINITIALIZED_AUTOS = YES_AGGRESSIVE;
				GCC_WARN_UNUSED_FUNCTION = YES;
				GCC_WARN_UNUSED_VARIABLE = YES;
				IPHONEOS_DEPLOYMENT_TARGET = 11.2;
				MTL_ENABLE_DEBUG_INFO = YES;
				ONLY_ACTIVE_ARCH = YES;
				SDKROOT = iphoneos;
				SWIFT_ACTIVE_COMPILATION_CONDITIONS = DEBUG;
				SWIFT_OPTIMIZATION_LEVEL = "-Onone";
			};
			name = Debug;
		};
		82642558205EFB8900A8A130 /* Release */ = {
			isa = XCBuildConfiguration;
			buildSettings = {
				ALWAYS_SEARCH_USER_PATHS = NO;
				CLANG_ANALYZER_NONNULL = YES;
				CLANG_ANALYZER_NUMBER_OBJECT_CONVERSION = YES_AGGRESSIVE;
				CLANG_CXX_LANGUAGE_STANDARD = "gnu++14";
				CLANG_CXX_LIBRARY = "libc++";
				CLANG_ENABLE_MODULES = YES;
				CLANG_ENABLE_OBJC_ARC = YES;
				CLANG_WARN_BLOCK_CAPTURE_AUTORELEASING = YES;
				CLANG_WARN_BOOL_CONVERSION = YES;
				CLANG_WARN_COMMA = YES;
				CLANG_WARN_CONSTANT_CONVERSION = YES;
				CLANG_WARN_DIRECT_OBJC_ISA_USAGE = YES_ERROR;
				CLANG_WARN_DOCUMENTATION_COMMENTS = YES;
				CLANG_WARN_EMPTY_BODY = YES;
				CLANG_WARN_ENUM_CONVERSION = YES;
				CLANG_WARN_INFINITE_RECURSION = YES;
				CLANG_WARN_INT_CONVERSION = YES;
				CLANG_WARN_NON_LITERAL_NULL_CONVERSION = YES;
				CLANG_WARN_OBJC_LITERAL_CONVERSION = YES;
				CLANG_WARN_OBJC_ROOT_CLASS = YES_ERROR;
				CLANG_WARN_RANGE_LOOP_ANALYSIS = YES;
				CLANG_WARN_STRICT_PROTOTYPES = YES;
				CLANG_WARN_SUSPICIOUS_MOVE = YES;
				CLANG_WARN_UNGUARDED_AVAILABILITY = YES_AGGRESSIVE;
				CLANG_WARN_UNREACHABLE_CODE = YES;
				CLANG_WARN__DUPLICATE_METHOD_MATCH = YES;
				CODE_SIGN_IDENTITY = "iPhone Developer";
				COPY_PHASE_STRIP = NO;
				DEBUG_INFORMATION_FORMAT = "dwarf-with-dsym";
				ENABLE_NS_ASSERTIONS = NO;
				ENABLE_STRICT_OBJC_MSGSEND = YES;
				GCC_C_LANGUAGE_STANDARD = gnu11;
				GCC_NO_COMMON_BLOCKS = YES;
				GCC_WARN_64_TO_32_BIT_CONVERSION = YES;
				GCC_WARN_ABOUT_RETURN_TYPE = YES_ERROR;
				GCC_WARN_UNDECLARED_SELECTOR = YES;
				GCC_WARN_UNINITIALIZED_AUTOS = YES_AGGRESSIVE;
				GCC_WARN_UNUSED_FUNCTION = YES;
				GCC_WARN_UNUSED_VARIABLE = YES;
				IPHONEOS_DEPLOYMENT_TARGET = 11.2;
				MTL_ENABLE_DEBUG_INFO = NO;
				SDKROOT = iphoneos;
				SWIFT_OPTIMIZATION_LEVEL = "-Owholemodule";
				VALIDATE_PRODUCT = YES;
			};
			name = Release;
		};
		8264255A205EFB8900A8A130 /* Debug */ = {
			isa = XCBuildConfiguration;
			buildSettings = {
				ASSETCATALOG_COMPILER_APPICON_NAME = AppIcon;
				CODE_SIGN_STYLE = Automatic;
				DEVELOPMENT_TEAM = J9JKX35A2N;
				INFOPLIST_FILE = WatsMyGrade/Info.plist;
				LD_RUNPATH_SEARCH_PATHS = "$(inherited) @executable_path/Frameworks";
				PRODUCT_BUNDLE_IDENTIFIER = com.manthanshah.WatsMyGrade;
				PRODUCT_NAME = "$(TARGET_NAME)";
				SWIFT_VERSION = 4.0;
				TARGETED_DEVICE_FAMILY = "1,2";
			};
			name = Debug;
		};
		8264255B205EFB8900A8A130 /* Release */ = {
			isa = XCBuildConfiguration;
			buildSettings = {
				ASSETCATALOG_COMPILER_APPICON_NAME = AppIcon;
				CODE_SIGN_STYLE = Automatic;
				DEVELOPMENT_TEAM = J9JKX35A2N;
				INFOPLIST_FILE = WatsMyGrade/Info.plist;
				LD_RUNPATH_SEARCH_PATHS = "$(inherited) @executable_path/Frameworks";
				PRODUCT_BUNDLE_IDENTIFIER = com.manthanshah.WatsMyGrade;
				PRODUCT_NAME = "$(TARGET_NAME)";
				SWIFT_VERSION = 4.0;
				TARGETED_DEVICE_FAMILY = "1,2";
			};
			name = Release;
		};
		8264255D205EFB8900A8A130 /* Debug */ = {
			isa = XCBuildConfiguration;
			buildSettings = {
				ALWAYS_EMBED_SWIFT_STANDARD_LIBRARIES = YES;
				BUNDLE_LOADER = "$(TEST_HOST)";
				CODE_SIGN_STYLE = Automatic;
				DEVELOPMENT_TEAM = J9JKX35A2N;
				INFOPLIST_FILE = WatsMyGradeTests/Info.plist;
				LD_RUNPATH_SEARCH_PATHS = "$(inherited) @executable_path/Frameworks @loader_path/Frameworks";
				PRODUCT_BUNDLE_IDENTIFIER = com.manthanshah.WatsMyGradeTests;
				PRODUCT_NAME = "$(TARGET_NAME)";
				SWIFT_VERSION = 4.0;
				TARGETED_DEVICE_FAMILY = "1,2";
				TEST_HOST = "$(BUILT_PRODUCTS_DIR)/WatsMyGrade.app/WatsMyGrade";
			};
			name = Debug;
		};
		8264255E205EFB8900A8A130 /* Release */ = {
			isa = XCBuildConfiguration;
			buildSettings = {
				ALWAYS_EMBED_SWIFT_STANDARD_LIBRARIES = YES;
				BUNDLE_LOADER = "$(TEST_HOST)";
				CODE_SIGN_STYLE = Automatic;
				DEVELOPMENT_TEAM = J9JKX35A2N;
				INFOPLIST_FILE = WatsMyGradeTests/Info.plist;
				LD_RUNPATH_SEARCH_PATHS = "$(inherited) @executable_path/Frameworks @loader_path/Frameworks";
				PRODUCT_BUNDLE_IDENTIFIER = com.manthanshah.WatsMyGradeTests;
				PRODUCT_NAME = "$(TARGET_NAME)";
				SWIFT_VERSION = 4.0;
				TARGETED_DEVICE_FAMILY = "1,2";
				TEST_HOST = "$(BUILT_PRODUCTS_DIR)/WatsMyGrade.app/WatsMyGrade";
			};
			name = Release;
		};
		82642560205EFB8900A8A130 /* Debug */ = {
			isa = XCBuildConfiguration;
			buildSettings = {
				ALWAYS_EMBED_SWIFT_STANDARD_LIBRARIES = YES;
				CODE_SIGN_STYLE = Automatic;
				DEVELOPMENT_TEAM = J9JKX35A2N;
				INFOPLIST_FILE = WatsMyGradeUITests/Info.plist;
				LD_RUNPATH_SEARCH_PATHS = "$(inherited) @executable_path/Frameworks @loader_path/Frameworks";
				PRODUCT_BUNDLE_IDENTIFIER = com.manthanshah.WatsMyGradeUITests;
				PRODUCT_NAME = "$(TARGET_NAME)";
				SWIFT_VERSION = 4.0;
				TARGETED_DEVICE_FAMILY = "1,2";
				TEST_TARGET_NAME = WatsMyGrade;
			};
			name = Debug;
		};
		82642561205EFB8900A8A130 /* Release */ = {
			isa = XCBuildConfiguration;
			buildSettings = {
				ALWAYS_EMBED_SWIFT_STANDARD_LIBRARIES = YES;
				CODE_SIGN_STYLE = Automatic;
				DEVELOPMENT_TEAM = J9JKX35A2N;
				INFOPLIST_FILE = WatsMyGradeUITests/Info.plist;
				LD_RUNPATH_SEARCH_PATHS = "$(inherited) @executable_path/Frameworks @loader_path/Frameworks";
				PRODUCT_BUNDLE_IDENTIFIER = com.manthanshah.WatsMyGradeUITests;
				PRODUCT_NAME = "$(TARGET_NAME)";
				SWIFT_VERSION = 4.0;
				TARGETED_DEVICE_FAMILY = "1,2";
				TEST_TARGET_NAME = WatsMyGrade;
			};
			name = Release;
		};
/* End XCBuildConfiguration section */

/* Begin XCConfigurationList section */
		82642529205EFB8800A8A130 /* Build configuration list for PBXProject "WatsMyGrade" */ = {
			isa = XCConfigurationList;
			buildConfigurations = (
				82642557205EFB8900A8A130 /* Debug */,
				82642558205EFB8900A8A130 /* Release */,
			);
			defaultConfigurationIsVisible = 0;
			defaultConfigurationName = Release;
		};
		82642559205EFB8900A8A130 /* Build configuration list for PBXNativeTarget "WatsMyGrade" */ = {
			isa = XCConfigurationList;
			buildConfigurations = (
				8264255A205EFB8900A8A130 /* Debug */,
				8264255B205EFB8900A8A130 /* Release */,
			);
			defaultConfigurationIsVisible = 0;
			defaultConfigurationName = Release;
		};
		8264255C205EFB8900A8A130 /* Build configuration list for PBXNativeTarget "WatsMyGradeTests" */ = {
			isa = XCConfigurationList;
			buildConfigurations = (
				8264255D205EFB8900A8A130 /* Debug */,
				8264255E205EFB8900A8A130 /* Release */,
			);
			defaultConfigurationIsVisible = 0;
			defaultConfigurationName = Release;
		};
		8264255F205EFB8900A8A130 /* Build configuration list for PBXNativeTarget "WatsMyGradeUITests" */ = {
			isa = XCConfigurationList;
			buildConfigurations = (
				82642560205EFB8900A8A130 /* Debug */,
				82642561205EFB8900A8A130 /* Release */,
			);
			defaultConfigurationIsVisible = 0;
			defaultConfigurationName = Release;
		};
/* End XCConfigurationList section */

/* Begin XCVersionGroup section */
		82642538205EFB8900A8A130 /* WatsMyGrade.xcdatamodeld */ = {
			isa = XCVersionGroup;
			children = (
				82642539205EFB8900A8A130 /* WatsMyGrade.xcdatamodel */,
			);
			currentVersion = 82642539205EFB8900A8A130 /* WatsMyGrade.xcdatamodel */;
			path = WatsMyGrade.xcdatamodeld;
			sourceTree = "<group>";
			versionGroupType = wrapper.xcdatamodel;
		};
/* End XCVersionGroup section */
	};
	rootObject = 82642526205EFB8800A8A130 /* Project object */;
}
